// !$*UTF8*$!
{
	archiveVersion = 1;
	classes = {
	};
	objectVersion = 50;
	objects = {

/* Begin PBXBuildFile section */
		A5570F2325694633007EA993 /* AppDelegate.swift in Sources */ = {isa = PBXBuildFile; fileRef = A5570F2225694633007EA993 /* AppDelegate.swift */; };
		A5570F2525694633007EA993 /* SceneDelegate.swift in Sources */ = {isa = PBXBuildFile; fileRef = A5570F2425694633007EA993 /* SceneDelegate.swift */; };
		A5570F2725694633007EA993 /* ContentView.swift in Sources */ = {isa = PBXBuildFile; fileRef = A5570F2625694633007EA993 /* ContentView.swift */; };
		A5570F2925694635007EA993 /* Assets.xcassets in Resources */ = {isa = PBXBuildFile; fileRef = A5570F2825694635007EA993 /* Assets.xcassets */; };
		A5570F2C25694635007EA993 /* Preview Assets.xcassets in Resources */ = {isa = PBXBuildFile; fileRef = A5570F2B25694635007EA993 /* Preview Assets.xcassets */; };
		A5570F2F25694635007EA993 /* LaunchScreen.storyboard in Resources */ = {isa = PBXBuildFile; fileRef = A5570F2D25694635007EA993 /* LaunchScreen.storyboard */; };
		A5570F3C256948AE007EA993 /* BigShouldersStencilDisplay-Black.ttf in Resources */ = {isa = PBXBuildFile; fileRef = A5570F3B256948AE007EA993 /* BigShouldersStencilDisplay-Black.ttf */; };
		A5570F4425694FE8007EA993 /* InfoView.swift in Sources */ = {isa = PBXBuildFile; fileRef = A5570F4325694FE8007EA993 /* InfoView.swift */; };
/* End PBXBuildFile section */

/* Begin PBXFileReference section */
		A5570F1F25694633007EA993 /* AlexCard.app */ = {isa = PBXFileReference; explicitFileType = wrapper.application; includeInIndex = 0; path = AlexCard.app; sourceTree = BUILT_PRODUCTS_DIR; };
		A5570F2225694633007EA993 /* AppDelegate.swift */ = {isa = PBXFileReference; lastKnownFileType = sourcecode.swift; path = AppDelegate.swift; sourceTree = "<group>"; };
		A5570F2425694633007EA993 /* SceneDelegate.swift */ = {isa = PBXFileReference; lastKnownFileType = sourcecode.swift; path = SceneDelegate.swift; sourceTree = "<group>"; };
		A5570F2625694633007EA993 /* ContentView.swift */ = {isa = PBXFileReference; lastKnownFileType = sourcecode.swift; path = ContentView.swift; sourceTree = "<group>"; };
		A5570F2825694635007EA993 /* Assets.xcassets */ = {isa = PBXFileReference; lastKnownFileType = folder.assetcatalog; path = Assets.xcassets; sourceTree = "<group>"; };
		A5570F2B25694635007EA993 /* Preview Assets.xcassets */ = {isa = PBXFileReference; lastKnownFileType = folder.assetcatalog; path = "Preview Assets.xcassets"; sourceTree = "<group>"; };
		A5570F2E25694635007EA993 /* Base */ = {isa = PBXFileReference; lastKnownFileType = file.storyboard; name = Base; path = Base.lproj/LaunchScreen.storyboard; sourceTree = "<group>"; };
		A5570F3025694635007EA993 /* Info.plist */ = {isa = PBXFileReference; lastKnownFileType = text.plist.xml; path = Info.plist; sourceTree = "<group>"; };
		A5570F3B256948AE007EA993 /* BigShouldersStencilDisplay-Black.ttf */ = {isa = PBXFileReference; lastKnownFileType = file; path = "BigShouldersStencilDisplay-Black.ttf"; sourceTree = "<group>"; };
		A5570F4325694FE8007EA993 /* InfoView.swift */ = {isa = PBXFileReference; lastKnownFileType = sourcecode.swift; path = InfoView.swift; sourceTree = "<group>"; };
/* End PBXFileReference section */

/* Begin PBXFrameworksBuildPhase section */
		A5570F1C25694633007EA993 /* Frameworks */ = {
			isa = PBXFrameworksBuildPhase;
			buildActionMask = 2147483647;
			files = (
			);
			runOnlyForDeploymentPostprocessing = 0;
		};
/* End PBXFrameworksBuildPhase section */

/* Begin PBXGroup section */
		A5570F1625694633007EA993 = {
			isa = PBXGroup;
			children = (
				A5570F2125694633007EA993 /* AlexCard */,
				A5570F2025694633007EA993 /* Products */,
			);
			sourceTree = "<group>";
		};
		A5570F2025694633007EA993 /* Products */ = {
			isa = PBXGroup;
			children = (
				A5570F1F25694633007EA993 /* AlexCard.app */,
			);
			name = Products;
			sourceTree = "<group>";
		};
		A5570F2125694633007EA993 /* AlexCard */ = {
			isa = PBXGroup;
			children = (
				A5570F3725694889007EA993 /* fonts */,
				A5570F2225694633007EA993 /* AppDelegate.swift */,
				A5570F2425694633007EA993 /* SceneDelegate.swift */,
				A5570F2625694633007EA993 /* ContentView.swift */,
				A5570F4325694FE8007EA993 /* InfoView.swift */,
				A5570F2825694635007EA993 /* Assets.xcassets */,
				A5570F2D25694635007EA993 /* LaunchScreen.storyboard */,
				A5570F3025694635007EA993 /* Info.plist */,
				A5570F2A25694635007EA993 /* Preview Content */,
			);
			path = AlexCard;
			sourceTree = "<group>";
		};
		A5570F2A25694635007EA993 /* Preview Content */ = {
			isa = PBXGroup;
			children = (
				A5570F2B25694635007EA993 /* Preview Assets.xcassets */,
			);
			path = "Preview Content";
			sourceTree = "<group>";
		};
		A5570F3725694889007EA993 /* fonts */ = {
			isa = PBXGroup;
			children = (
				A5570F3B256948AE007EA993 /* BigShouldersStencilDisplay-Black.ttf */,
			);
			path = fonts;
			sourceTree = "<group>";
		};
/* End PBXGroup section */

/* Begin PBXNativeTarget section */
		A5570F1E25694633007EA993 /* AlexCard */ = {
			isa = PBXNativeTarget;
			buildConfigurationList = A5570F3325694635007EA993 /* Build configuration list for PBXNativeTarget "AlexCard" */;
			buildPhases = (
				A5570F1B25694633007EA993 /* Sources */,
				A5570F1C25694633007EA993 /* Frameworks */,
				A5570F1D25694633007EA993 /* Resources */,
			);
			buildRules = (
			);
			dependencies = (
			);
			name = AlexCard;
			productName = AlexCard;
			productReference = A5570F1F25694633007EA993 /* AlexCard.app */;
			productType = "com.apple.product-type.application";
		};
/* End PBXNativeTarget section */

/* Begin PBXProject section */
		A5570F1725694633007EA993 /* Project object */ = {
			isa = PBXProject;
			attributes = {
				LastSwiftUpdateCheck = 1220;
				LastUpgradeCheck = 1220;
				TargetAttributes = {
					A5570F1E25694633007EA993 = {
						CreatedOnToolsVersion = 12.2;
					};
				};
			};
			buildConfigurationList = A5570F1A25694633007EA993 /* Build configuration list for PBXProject "AlexCard" */;
			compatibilityVersion = "Xcode 9.3";
			developmentRegion = en;
			hasScannedForEncodings = 0;
			knownRegions = (
				en,
				Base,
			);
			mainGroup = A5570F1625694633007EA993;
			productRefGroup = A5570F2025694633007EA993 /* Products */;
			projectDirPath = "";
			projectRoot = "";
			targets = (
				A5570F1E25694633007EA993 /* AlexCard */,
			);
		};
/* End PBXProject section */

/* Begin PBXResourcesBuildPhase section */
		A5570F1D25694633007EA993 /* Resources */ = {
			isa = PBXResourcesBuildPhase;
			buildActionMask = 2147483647;
			files = (
				A5570F2F25694635007EA993 /* LaunchScreen.storyboard in Resources */,
				A5570F3C256948AE007EA993 /* BigShouldersStencilDisplay-Black.ttf in Resources */,
				A5570F2C25694635007EA993 /* Preview Assets.xcassets in Resources */,
				A5570F2925694635007EA993 /* Assets.xcassets in Resources */,
			);
			runOnlyForDeploymentPostprocessing = 0;
		};
/* End PBXResourcesBuildPhase section */

/* Begin PBXSourcesBuildPhase section */
		A5570F1B25694633007EA993 /* Sources */ = {
			isa = PBXSourcesBuildPhase;
			buildActionMask = 2147483647;
			files = (
				A5570F4425694FE8007EA993 /* InfoView.swift in Sources */,
				A5570F2325694633007EA993 /* AppDelegate.swift in Sources */,
				A5570F2525694633007EA993 /* SceneDelegate.swift in Sources */,
				A5570F2725694633007EA993 /* ContentView.swift in Sources */,
			);
			runOnlyForDeploymentPostprocessing = 0;
		};
/* End PBXSourcesBuildPhase section */

/* Begin PBXVariantGroup section */
		A5570F2D25694635007EA993 /* LaunchScreen.storyboard */ = {
			isa = PBXVariantGroup;
			children = (
				A5570F2E25694635007EA993 /* Base */,
			);
			name = LaunchScreen.storyboard;
			sourceTree = "<group>";
		};
/* End PBXVariantGroup section */

/* Begin XCBuildConfiguration section */
		A5570F3125694635007EA993 /* Debug */ = {
			isa = XCBuildConfiguration;
			buildSettings = {
				ALWAYS_SEARCH_USER_PATHS = NO;
				CLANG_ANALYZER_NONNULL = YES;
				CLANG_ANALYZER_NUMBER_OBJECT_CONVERSION = YES_AGGRESSIVE;
				CLANG_CXX_LANGUAGE_STANDARD = "gnu++14";
				CLANG_CXX_LIBRARY = "libc++";
				CLANG_ENABLE_MODULES = YES;
				CLANG_ENABLE_OBJC_ARC = YES;
				CLANG_ENABLE_OBJC_WEAK = YES;
				CLANG_WARN_BLOCK_CAPTURE_AUTORELEASING = YES;
				CLANG_WARN_BOOL_CONVERSION = YES;
				CLANG_WARN_COMMA = YES;
				CLANG_WARN_CONSTANT_CONVERSION = YES;
				CLANG_WARN_DEPRECATED_OBJC_IMPLEMENTATIONS = YES;
				CLANG_WARN_DIRECT_OBJC_ISA_USAGE = YES_ERROR;
				CLANG_WARN_DOCUMENTATION_COMMENTS = YES;
				CLANG_WARN_EMPTY_BODY = YES;
				CLANG_WARN_ENUM_CONVERSION = YES;
				CLANG_WARN_INFINITE_RECURSION = YES;
				CLANG_WARN_INT_CONVERSION = YES;
				CLANG_WARN_NON_LITERAL_NULL_CONVERSION = YES;
				CLANG_WARN_OBJC_IMPLICIT_RETAIN_SELF = YES;
				CLANG_WARN_OBJC_LITERAL_CONVERSION = YES;
				CLANG_WARN_OBJC_ROOT_CLASS = YES_ERROR;
				CLANG_WARN_QUOTED_INCLUDE_IN_FRAMEWORK_HEADER = YES;
				CLANG_WARN_RANGE_LOOP_ANALYSIS = YES;
				CLANG_WARN_STRICT_PROTOTYPES = YES;
				CLANG_WARN_SUSPICIOUS_MOVE = YES;
				CLANG_WARN_UNGUARDED_AVAILABILITY = YES_AGGRESSIVE;
				CLANG_WARN_UNREACHABLE_CODE = YES;
				CLANG_WARN__DUPLICATE_METHOD_MATCH = YES;
				COPY_PHASE_STRIP = NO;
				DEBUG_INFORMATION_FORMAT = dwarf;
				ENABLE_STRICT_OBJC_MSGSEND = YES;
				ENABLE_TESTABILITY = YES;
				GCC_C_LANGUAGE_STANDARD = gnu11;
				GCC_DYNAMIC_NO_PIC = NO;
				GCC_NO_COMMON_BLOCKS = YES;
				GCC_OPTIMIZATION_LEVEL = 0;
				GCC_PREPROCESSOR_DEFINITIONS = (
					"DEBUG=1",
					"$(inherited)",
				);
				GCC_WARN_64_TO_32_BIT_CONVERSION = YES;
				GCC_WARN_ABOUT_RETURN_TYPE = YES_ERROR;
				GCC_WARN_UNDECLARED_SELECTOR = YES;
				GCC_WARN_UNINITIALIZED_AUTOS = YES_AGGRESSIVE;
				GCC_WARN_UNUSED_FUNCTION = YES;
				GCC_WARN_UNUSED_VARIABLE = YES;
				IPHONEOS_DEPLOYMENT_TARGET = 14.2;
				MTL_ENABLE_DEBUG_INFO = INCLUDE_SOURCE;
				MTL_FAST_MATH = YES;
				ONLY_ACTIVE_ARCH = YES;
				SDKROOT = iphoneos;
				SWIFT_ACTIVE_COMPILATION_CONDITIONS = DEBUG;
				SWIFT_OPTIMIZATION_LEVEL = "-Onone";
			};
			name = Debug;
		};
		A5570F3225694635007EA993 /* Release */ = {
			isa = XCBuildConfiguration;
			buildSettings = {
				ALWAYS_SEARCH_USER_PATHS = NO;
				CLANG_ANALYZER_NONNULL = YES;
				CLANG_ANALYZER_NUMBER_OBJECT_CONVERSION = YES_AGGRESSIVE;
				CLANG_CXX_LANGUAGE_STANDARD = "gnu++14";
				CLANG_CXX_LIBRARY = "libc++";
				CLANG_ENABLE_MODULES = YES;
				CLANG_ENABLE_OBJC_ARC = YES;
				CLANG_ENABLE_OBJC_WEAK = YES;
				CLANG_WARN_BLOCK_CAPTURE_AUTORELEASING = YES;
				CLANG_WARN_BOOL_CONVERSION = YES;
				CLANG_WARN_COMMA = YES;
				CLANG_WARN_CONSTANT_CONVERSION = YES;
				CLANG_WARN_DEPRECATED_OBJC_IMPLEMENTATIONS = YES;
				CLANG_WARN_DIRECT_OBJC_ISA_USAGE = YES_ERROR;
				CLANG_WARN_DOCUMENTATION_COMMENTS = YES;
				CLANG_WARN_EMPTY_BODY = YES;
				CLANG_WARN_ENUM_CONVERSION = YES;
				CLANG_WARN_INFINITE_RECURSION = YES;
				CLANG_WARN_INT_CONVERSION = YES;
				CLANG_WARN_NON_LITERAL_NULL_CONVERSION = YES;
				CLANG_WARN_OBJC_IMPLICIT_RETAIN_SELF = YES;
				CLANG_WARN_OBJC_LITERAL_CONVERSION = YES;
				CLANG_WARN_OBJC_ROOT_CLASS = YES_ERROR;
				CLANG_WARN_QUOTED_INCLUDE_IN_FRAMEWORK_HEADER = YES;
				CLANG_WARN_RANGE_LOOP_ANALYSIS = YES;
				CLANG_WARN_STRICT_PROTOTYPES = YES;
				CLANG_WARN_SUSPICIOUS_MOVE = YES;
				CLANG_WARN_UNGUARDED_AVAILABILITY = YES_AGGRESSIVE;
				CLANG_WARN_UNREACHABLE_CODE = YES;
				CLANG_WARN__DUPLICATE_METHOD_MATCH = YES;
				COPY_PHASE_STRIP = NO;
				DEBUG_INFORMATION_FORMAT = "dwarf-with-dsym";
				ENABLE_NS_ASSERTIONS = NO;
				ENABLE_STRICT_OBJC_MSGSEND = YES;
				GCC_C_LANGUAGE_STANDARD = gnu11;
				GCC_NO_COMMON_BLOCKS = YES;
				GCC_WARN_64_TO_32_BIT_CONVERSION = YES;
				GCC_WARN_ABOUT_RETURN_TYPE = YES_ERROR;
				GCC_WARN_UNDECLARED_SELECTOR = YES;
				GCC_WARN_UNINITIALIZED_AUTOS = YES_AGGRESSIVE;
				GCC_WARN_UNUSED_FUNCTION = YES;
				GCC_WARN_UNUSED_VARIABLE = YES;
				IPHONEOS_DEPLOYMENT_TARGET = 14.2;
				MTL_ENABLE_DEBUG_INFO = NO;
				MTL_FAST_MATH = YES;
				SDKROOT = iphoneos;
				SWIFT_COMPILATION_MODE = wholemodule;
				SWIFT_OPTIMIZATION_LEVEL = "-O";
				VALIDATE_PRODUCT = YES;
			};
			name = Release;
		};
		A5570F3425694635007EA993 /* Debug */ = {
			isa = XCBuildConfiguration;
			buildSettings = {
				ASSETCATALOG_COMPILER_APPICON_NAME = AppIcon;
				ASSETCATALOG_COMPILER_GLOBAL_ACCENT_COLOR_NAME = AccentColor;
				CODE_SIGN_STYLE = Automatic;
				DEVELOPMENT_ASSET_PATHS = "\"AlexCard/Preview Content\"";
				DEVELOPMENT_TEAM = K333Z73UYG;
				ENABLE_PREVIEWS = YES;
				INFOPLIST_FILE = AlexCard/Info.plist;
				LD_RUNPATH_SEARCH_PATHS = (
					"$(inherited)",
					"@executable_path/Frameworks",
				);
				PRODUCT_BUNDLE_IDENTIFIER = com.tinyhacktechnology.AlexCard;
				PRODUCT_NAME = "$(TARGET_NAME)";
				SWIFT_VERSION = 5.0;
				TARGETED_DEVICE_FAMILY = "1,2";
			};
			name = Debug;
		};
		A5570F3525694635007EA993 /* Release */ = {
			isa = XCBuildConfiguration;
			buildSettings = {
				ASSETCATALOG_COMPILER_APPICON_NAME = AppIcon;
				ASSETCATALOG_COMPILER_GLOBAL_ACCENT_COLOR_NAME = AccentColor;
				CODE_SIGN_STYLE = Automatic;
				DEVELOPMENT_ASSET_PATHS = "\"AlexCard/Preview Content\"";
				DEVELOPMENT_TEAM = K333Z73UYG;
				ENABLE_PREVIEWS = YES;
				INFOPLIST_FILE = AlexCard/Info.plist;
				LD_RUNPATH_SEARCH_PATHS = (
					"$(inherited)",
					"@executable_path/Frameworks",
				);
				PRODUCT_BUNDLE_IDENTIFIER = com.tinyhacktechnology.AlexCard;
				PRODUCT_NAME = "$(TARGET_NAME)";
				SWIFT_VERSION = 5.0;
				TARGETED_DEVICE_FAMILY = "1,2";
			};
			name = Release;
		};
/* End XCBuildConfiguration section */

/* Begin XCConfigurationList section */
		A5570F1A25694633007EA993 /* Build configuration list for PBXProject "AlexCard" */ = {
			isa = XCConfigurationList;
			buildConfigurations = (
				A5570F3125694635007EA993 /* Debug */,
				A5570F3225694635007EA993 /* Release */,
			);
			defaultConfigurationIsVisible = 0;
			defaultConfigurationName = Release;
		};
		A5570F3325694635007EA993 /* Build configuration list for PBXNativeTarget "AlexCard" */ = {
			isa = XCConfigurationList;
			buildConfigurations = (
				A5570F3425694635007EA993 /* Debug */,
				A5570F3525694635007EA993 /* Release */,
			);
			defaultConfigurationIsVisible = 0;
			defaultConfigurationName = Release;
		};
/* End XCConfigurationList section */
	};
	rootObject = A5570F1725694633007EA993 /* Project object */;
}
